
Microsoft Visual Studio Solution File, Format Version 12.00
# Visual Studio Version 16
VisualStudioVersion = 16.0.31729.503
MinimumVisualStudioVersion = 10.0.40219.1
Project("{FAE04EC0-301F-11D3-BF4B-00C04F79EFBC}") = "ConsoleApp17", "ConsoleApp17\ConsoleApp17.csproj", "{93B4441E-E5BD-4365-8BEB-CDD24B09AA55}"
EndProject
Global
	GlobalSection(SolutionConfigurationPlatforms) = preSolution
		Debug|Any CPU = Debug|Any CPU
		Release|Any CPU = Release|Any CPU
	EndGlobalSection
	GlobalSection(ProjectConfigurationPlatforms) = postSolution
		{93B4441E-E5BD-4365-8BEB-CDD24B09AA55}.Debug|Any CPU.ActiveCfg = Debug|Any CPU
		{93B4441E-E5BD-4365-8BEB-CDD24B09AA55}.Debug|Any CPU.Build.0 = Debug|Any CPU
		{93B4441E-E5BD-4365-8BEB-CDD24B09AA55}.Release|Any CPU.ActiveCfg = Release|Any CPU
		{93B4441E-E5BD-4365-8BEB-CDD24B09AA55}.Release|Any CPU.Build.0 = Release|Any CPU
	EndGlobalSection
	GlobalSection(SolutionProperties) = preSolution
		HideSolutionNode = FALSE
	EndGlobalSection
	GlobalSection(ExtensibilityGlobals) = postSolution
		SolutionGuid = {3A2C1B11-7905-4403-903D-89C60A2B1B6F}
	EndGlobalSection
EndGlobal
